// !$*UTF8*$!
{
	archiveVersion = 1;
	classes = {
	};
	objectVersion = 46;
	objects = {

/* Begin PBXBuildFile section */
		6003F58E195388D20070C39A /* Foundation.framework in Frameworks */ = {isa = PBXBuildFile; fileRef = 6003F58D195388D20070C39A /* Foundation.framework */; };
		6003F590195388D20070C39A /* CoreGraphics.framework in Frameworks */ = {isa = PBXBuildFile; fileRef = 6003F58F195388D20070C39A /* CoreGraphics.framework */; };
		6003F592195388D20070C39A /* UIKit.framework in Frameworks */ = {isa = PBXBuildFile; fileRef = 6003F591195388D20070C39A /* UIKit.framework */; };
		6003F598195388D20070C39A /* InfoPlist.strings in Resources */ = {isa = PBXBuildFile; fileRef = 6003F596195388D20070C39A /* InfoPlist.strings */; };
		6003F59A195388D20070C39A /* main.m in Sources */ = {isa = PBXBuildFile; fileRef = 6003F599195388D20070C39A /* main.m */; };
		6003F59E195388D20070C39A /* TLAppDelegate.m in Sources */ = {isa = PBXBuildFile; fileRef = 6003F59D195388D20070C39A /* TLAppDelegate.m */; };
		6003F5A9195388D20070C39A /* Images.xcassets in Resources */ = {isa = PBXBuildFile; fileRef = 6003F5A8195388D20070C39A /* Images.xcassets */; };
		6003F5B0195388D20070C39A /* XCTest.framework in Frameworks */ = {isa = PBXBuildFile; fileRef = 6003F5AF195388D20070C39A /* XCTest.framework */; };
		6003F5B1195388D20070C39A /* Foundation.framework in Frameworks */ = {isa = PBXBuildFile; fileRef = 6003F58D195388D20070C39A /* Foundation.framework */; };
		6003F5B2195388D20070C39A /* UIKit.framework in Frameworks */ = {isa = PBXBuildFile; fileRef = 6003F591195388D20070C39A /* UIKit.framework */; };
		6003F5BA195388D20070C39A /* InfoPlist.strings in Resources */ = {isa = PBXBuildFile; fileRef = 6003F5B8195388D20070C39A /* InfoPlist.strings */; };
		6003F5BC195388D20070C39A /* Tests.m in Sources */ = {isa = PBXBuildFile; fileRef = 6003F5BB195388D20070C39A /* Tests.m */; };
		A00683440BC0E7E7462167D6 /* Pods_Tourelle_Tests.framework in Frameworks */ = {isa = PBXBuildFile; fileRef = EC5CEB5021BA47CCA3E47BC1 /* Pods_Tourelle_Tests.framework */; };
		ACE7EBB96DB47BF8E4A35AB7 /* Pods_Tourelle_Example.framework in Frameworks */ = {isa = PBXBuildFile; fileRef = 3D42A9AC7826F47F781764AE /* Pods_Tourelle_Example.framework */; };
		F10C298521524BDC008397AF /* DataModules.plist in Resources */ = {isa = PBXBuildFile; fileRef = F10C298421524BDC008397AF /* DataModules.plist */; };
		F1126132215354E500E72641 /* TLUserModuleContainer.m in Sources */ = {isa = PBXBuildFile; fileRef = F112612F215354E500E72641 /* TLUserModuleContainer.m */; };
		F112613C21536A2D00E72641 /* MainViewController.m in Sources */ = {isa = PBXBuildFile; fileRef = F112613421536A2D00E72641 /* MainViewController.m */; };
		F112613D21536A2D00E72641 /* LoginViewController.m in Sources */ = {isa = PBXBuildFile; fileRef = F112613721536A2D00E72641 /* LoginViewController.m */; };
		F112613E21536A2D00E72641 /* HeroViewController.m in Sources */ = {isa = PBXBuildFile; fileRef = F112613A21536A2D00E72641 /* HeroViewController.m */; };
		F112614021536A4100E72641 /* README.md in Resources */ = {isa = PBXBuildFile; fileRef = F112613F21536A4000E72641 /* README.md */; };
		F15A77C2211FD64D00273C95 /* SwiftSpec.swift in Sources */ = {isa = PBXBuildFile; fileRef = F15A77BE211FD64700273C95 /* SwiftSpec.swift */; };
		F1988C652150CEE60011C3E9 /* TLHarpyConfigurator.m in Sources */ = {isa = PBXBuildFile; fileRef = F1988C592150CEE60011C3E9 /* TLHarpyConfigurator.m */; };
		F1988C672150CEE60011C3E9 /* TLUMShareConfigurator.m in Sources */ = {isa = PBXBuildFile; fileRef = F1988C602150CEE60011C3E9 /* TLUMShareConfigurator.m */; };
		F1988C6C2150CF570011C3E9 /* TLUserModule.m in Sources */ = {isa = PBXBuildFile; fileRef = F1988C6B2150CF570011C3E9 /* TLUserModule.m */; };
		F19E7D79212307DB00538386 /* AutoInitialize.plist in Resources */ = {isa = PBXBuildFile; fileRef = F19E7D78212307DB00538386 /* AutoInitialize.plist */; };
		F1AF66C721363F58008E6493 /* AutoRegistURL.plist in Resources */ = {isa = PBXBuildFile; fileRef = F1AF66C621363F58008E6493 /* AutoRegistURL.plist */; };
		F1AF66DA21392232008E6493 /* LaunchScreen.storyboard in Resources */ = {isa = PBXBuildFile; fileRef = F1AF66D621392231008E6493 /* LaunchScreen.storyboard */; };
		F1AF66DB21392232008E6493 /* Main.storyboard in Resources */ = {isa = PBXBuildFile; fileRef = F1AF66D821392231008E6493 /* Main.storyboard */; };
		F1BCE4F021205868003D26A8 /* TLAppEventBus+Example.m in Sources */ = {isa = PBXBuildFile; fileRef = F1BCE4EF21205868003D26A8 /* TLAppEventBus+Example.m */; };
		F1D4B0572140C7BF000FEC82 /* AppConfigurator.plist in Resources */ = {isa = PBXBuildFile; fileRef = F1D4B0562140C7BF000FEC82 /* AppConfigurator.plist */; };
		F1D4B05F2140D5B0000FEC82 /* NSObject+TL.swift in Sources */ = {isa = PBXBuildFile; fileRef = F1D4B05E2140D5B0000FEC82 /* NSObject+TL.swift */; };
/* End PBXBuildFile section */

/* Begin PBXContainerItemProxy section */
		6003F5B3195388D20070C39A /* PBXContainerItemProxy */ = {
			isa = PBXContainerItemProxy;
			containerPortal = 6003F582195388D10070C39A /* Project object */;
			proxyType = 1;
			remoteGlobalIDString = 6003F589195388D20070C39A;
			remoteInfo = Tourelle;
		};
/* End PBXContainerItemProxy section */

/* Begin PBXFileReference section */
		05D58AAF2BE6E690E47ABF39 /* Tourelle.podspec */ = {isa = PBXFileReference; includeInIndex = 1; lastKnownFileType = text; name = Tourelle.podspec; path = ../Tourelle.podspec; sourceTree = "<group>"; xcLanguageSpecificationIdentifier = xcode.lang.ruby; };
		12644293B53D0CAA748BE49E /* Pods-Tourelle_Example.debug.xcconfig */ = {isa = PBXFileReference; includeInIndex = 1; lastKnownFileType = text.xcconfig; name = "Pods-Tourelle_Example.debug.xcconfig"; path = "Pods/Target Support Files/Pods-Tourelle_Example/Pods-Tourelle_Example.debug.xcconfig"; sourceTree = "<group>"; };
		3C37515C7FB072EB2497E83E /* README.md */ = {isa = PBXFileReference; includeInIndex = 1; lastKnownFileType = net.daringfireball.markdown; name = README.md; path = ../README.md; sourceTree = "<group>"; };
		3D42A9AC7826F47F781764AE /* Pods_Tourelle_Example.framework */ = {isa = PBXFileReference; explicitFileType = wrapper.framework; includeInIndex = 0; path = Pods_Tourelle_Example.framework; sourceTree = BUILT_PRODUCTS_DIR; };
		6003F58A195388D20070C39A /* Tourelle_Example.app */ = {isa = PBXFileReference; explicitFileType = wrapper.application; includeInIndex = 0; path = Tourelle_Example.app; sourceTree = BUILT_PRODUCTS_DIR; };
		6003F58D195388D20070C39A /* Foundation.framework */ = {isa = PBXFileReference; lastKnownFileType = wrapper.framework; name = Foundation.framework; path = System/Library/Frameworks/Foundation.framework; sourceTree = SDKROOT; };
		6003F58F195388D20070C39A /* CoreGraphics.framework */ = {isa = PBXFileReference; lastKnownFileType = wrapper.framework; name = CoreGraphics.framework; path = System/Library/Frameworks/CoreGraphics.framework; sourceTree = SDKROOT; };
		6003F591195388D20070C39A /* UIKit.framework */ = {isa = PBXFileReference; lastKnownFileType = wrapper.framework; name = UIKit.framework; path = System/Library/Frameworks/UIKit.framework; sourceTree = SDKROOT; };
		6003F595195388D20070C39A /* Tourelle-Info.plist */ = {isa = PBXFileReference; lastKnownFileType = text.plist.xml; path = "Tourelle-Info.plist"; sourceTree = "<group>"; };
		6003F597195388D20070C39A /* en */ = {isa = PBXFileReference; lastKnownFileType = text.plist.strings; name = en; path = en.lproj/InfoPlist.strings; sourceTree = "<group>"; };
		6003F599195388D20070C39A /* main.m */ = {isa = PBXFileReference; lastKnownFileType = sourcecode.c.objc; path = main.m; sourceTree = "<group>"; };
		6003F59B195388D20070C39A /* Tourelle-Prefix.pch */ = {isa = PBXFileReference; lastKnownFileType = sourcecode.c.h; path = "Tourelle-Prefix.pch"; sourceTree = "<group>"; };
		6003F59C195388D20070C39A /* TLAppDelegate.h */ = {isa = PBXFileReference; lastKnownFileType = sourcecode.c.h; path = TLAppDelegate.h; sourceTree = "<group>"; };
		6003F59D195388D20070C39A /* TLAppDelegate.m */ = {isa = PBXFileReference; lastKnownFileType = sourcecode.c.objc; path = TLAppDelegate.m; sourceTree = "<group>"; };
		6003F5A8195388D20070C39A /* Images.xcassets */ = {isa = PBXFileReference; lastKnownFileType = folder.assetcatalog; path = Images.xcassets; sourceTree = "<group>"; };
		6003F5AE195388D20070C39A /* Tourelle_Tests.xctest */ = {isa = PBXFileReference; explicitFileType = wrapper.cfbundle; includeInIndex = 0; path = Tourelle_Tests.xctest; sourceTree = BUILT_PRODUCTS_DIR; };
		6003F5AF195388D20070C39A /* XCTest.framework */ = {isa = PBXFileReference; lastKnownFileType = wrapper.framework; name = XCTest.framework; path = Library/Frameworks/XCTest.framework; sourceTree = DEVELOPER_DIR; };
		6003F5B7195388D20070C39A /* Tests-Info.plist */ = {isa = PBXFileReference; lastKnownFileType = text.plist.xml; path = "Tests-Info.plist"; sourceTree = "<group>"; };
		6003F5B9195388D20070C39A /* en */ = {isa = PBXFileReference; lastKnownFileType = text.plist.strings; name = en; path = en.lproj/InfoPlist.strings; sourceTree = "<group>"; };
		6003F5BB195388D20070C39A /* Tests.m */ = {isa = PBXFileReference; lastKnownFileType = sourcecode.c.objc; path = Tests.m; sourceTree = "<group>"; };
		606FC2411953D9B200FFA9A0 /* Tests-Prefix.pch */ = {isa = PBXFileReference; lastKnownFileType = sourcecode.c.h; path = "Tests-Prefix.pch"; sourceTree = "<group>"; };
		7C3DEB8890D437242C66C4F8 /* Pods-Tourelle_Tests.debug.xcconfig */ = {isa = PBXFileReference; includeInIndex = 1; lastKnownFileType = text.xcconfig; name = "Pods-Tourelle_Tests.debug.xcconfig"; path = "Pods/Target Support Files/Pods-Tourelle_Tests/Pods-Tourelle_Tests.debug.xcconfig"; sourceTree = "<group>"; };
		9B845EA9D7D3EDDCAD034FC6 /* LICENSE */ = {isa = PBXFileReference; includeInIndex = 1; lastKnownFileType = text; name = LICENSE; path = ../LICENSE; sourceTree = "<group>"; };
		D5EA1E7BC942C31FA159468A /* Pods-Tourelle_Example.release.xcconfig */ = {isa = PBXFileReference; includeInIndex = 1; lastKnownFileType = text.xcconfig; name = "Pods-Tourelle_Example.release.xcconfig"; path = "Pods/Target Support Files/Pods-Tourelle_Example/Pods-Tourelle_Example.release.xcconfig"; sourceTree = "<group>"; };
		EC5CEB5021BA47CCA3E47BC1 /* Pods_Tourelle_Tests.framework */ = {isa = PBXFileReference; explicitFileType = wrapper.framework; includeInIndex = 0; path = Pods_Tourelle_Tests.framework; sourceTree = BUILT_PRODUCTS_DIR; };
		F10C298421524BDC008397AF /* DataModules.plist */ = {isa = PBXFileReference; lastKnownFileType = text.plist.xml; path = DataModules.plist; sourceTree = "<group>"; };
		F112612F215354E500E72641 /* TLUserModuleContainer.m */ = {isa = PBXFileReference; fileEncoding = 4; lastKnownFileType = sourcecode.c.objc; path = TLUserModuleContainer.m; sourceTree = "<group>"; };
		F1126130215354E500E72641 /* TLUserModuleContainer.h */ = {isa = PBXFileReference; fileEncoding = 4; lastKnownFileType = sourcecode.c.h; path = TLUserModuleContainer.h; sourceTree = "<group>"; };
		F1126131215354E500E72641 /* TLUserModuleProtocol.h */ = {isa = PBXFileReference; fileEncoding = 4; lastKnownFileType = sourcecode.c.h; path = TLUserModuleProtocol.h; sourceTree = "<group>"; };
		F112613421536A2D00E72641 /* MainViewController.m */ = {isa = PBXFileReference; fileEncoding = 4; lastKnownFileType = sourcecode.c.objc; path = MainViewController.m; sourceTree = "<group>"; };
		F112613521536A2D00E72641 /* MainViewController.h */ = {isa = PBXFileReference; fileEncoding = 4; lastKnownFileType = sourcecode.c.h; path = MainViewController.h; sourceTree = "<group>"; };
		F112613721536A2D00E72641 /* LoginViewController.m */ = {isa = PBXFileReference; fileEncoding = 4; lastKnownFileType = sourcecode.c.objc; path = LoginViewController.m; sourceTree = "<group>"; };
		F112613821536A2D00E72641 /* LoginViewController.h */ = {isa = PBXFileReference; fileEncoding = 4; lastKnownFileType = sourcecode.c.h; path = LoginViewController.h; sourceTree = "<group>"; };
		F112613A21536A2D00E72641 /* HeroViewController.m */ = {isa = PBXFileReference; fileEncoding = 4; lastKnownFileType = sourcecode.c.objc; path = HeroViewController.m; sourceTree = "<group>"; };
		F112613B21536A2D00E72641 /* HeroViewController.h */ = {isa = PBXFileReference; fileEncoding = 4; lastKnownFileType = sourcecode.c.h; path = HeroViewController.h; sourceTree = "<group>"; };
		F112613F21536A4000E72641 /* README.md */ = {isa = PBXFileReference; fileEncoding = 4; lastKnownFileType = net.daringfireball.markdown; path = README.md; sourceTree = "<group>"; };
		F15A77BD211FD64700273C95 /* Tourelle_Example-Bridging-Header.h */ = {isa = PBXFileReference; lastKnownFileType = sourcecode.c.h; path = "Tourelle_Example-Bridging-Header.h"; sourceTree = "<group>"; };
		F15A77BE211FD64700273C95 /* SwiftSpec.swift */ = {isa = PBXFileReference; lastKnownFileType = sourcecode.swift; path = SwiftSpec.swift; sourceTree = "<group>"; };
		F1988C592150CEE60011C3E9 /* TLHarpyConfigurator.m */ = {isa = PBXFileReference; fileEncoding = 4; lastKnownFileType = sourcecode.c.objc; path = TLHarpyConfigurator.m; sourceTree = "<group>"; };
		F1988C5A2150CEE60011C3E9 /* TLHarpyConfigurator.h */ = {isa = PBXFileReference; fileEncoding = 4; lastKnownFileType = sourcecode.c.h; path = TLHarpyConfigurator.h; sourceTree = "<group>"; };
		F1988C602150CEE60011C3E9 /* TLUMShareConfigurator.m */ = {isa = PBXFileReference; fileEncoding = 4; lastKnownFileType = sourcecode.c.objc; path = TLUMShareConfigurator.m; sourceTree = "<group>"; };
		F1988C612150CEE60011C3E9 /* TLUMShareConfigurator.h */ = {isa = PBXFileReference; fileEncoding = 4; lastKnownFileType = sourcecode.c.h; path = TLUMShareConfigurator.h; sourceTree = "<group>"; };
		F1988C6A2150CF570011C3E9 /* TLUserModule.h */ = {isa = PBXFileReference; fileEncoding = 4; lastKnownFileType = sourcecode.c.h; path = TLUserModule.h; sourceTree = "<group>"; };
		F1988C6B2150CF570011C3E9 /* TLUserModule.m */ = {isa = PBXFileReference; fileEncoding = 4; lastKnownFileType = sourcecode.c.objc; path = TLUserModule.m; sourceTree = "<group>"; };
		F19E7D78212307DB00538386 /* AutoInitialize.plist */ = {isa = PBXFileReference; lastKnownFileType = text.plist.xml; path = AutoInitialize.plist; sourceTree = "<group>"; };
		F1AF66C621363F58008E6493 /* AutoRegistURL.plist */ = {isa = PBXFileReference; lastKnownFileType = text.plist.xml; path = AutoRegistURL.plist; sourceTree = "<group>"; };
		F1AF66D721392231008E6493 /* Base */ = {isa = PBXFileReference; lastKnownFileType = file.storyboard; name = Base; path = Base.lproj/LaunchScreen.storyboard; sourceTree = "<group>"; };
		F1AF66D921392231008E6493 /* Base */ = {isa = PBXFileReference; lastKnownFileType = file.storyboard; name = Base; path = Base.lproj/Main.storyboard; sourceTree = "<group>"; };
		F1BCE4EE21205868003D26A8 /* TLAppEventBus+Example.h */ = {isa = PBXFileReference; lastKnownFileType = sourcecode.c.h; path = "TLAppEventBus+Example.h"; sourceTree = "<group>"; };
		F1BCE4EF21205868003D26A8 /* TLAppEventBus+Example.m */ = {isa = PBXFileReference; lastKnownFileType = sourcecode.c.objc; path = "TLAppEventBus+Example.m"; sourceTree = "<group>"; };
		F1D4B0562140C7BF000FEC82 /* AppConfigurator.plist */ = {isa = PBXFileReference; fileEncoding = 4; lastKnownFileType = text.plist.xml; path = AppConfigurator.plist; sourceTree = "<group>"; };
		F1D4B05E2140D5B0000FEC82 /* NSObject+TL.swift */ = {isa = PBXFileReference; lastKnownFileType = sourcecode.swift; path = "NSObject+TL.swift"; sourceTree = "<group>"; };
		F3641F474E71F2A7CF848A52 /* Pods-Tourelle_Tests.release.xcconfig */ = {isa = PBXFileReference; includeInIndex = 1; lastKnownFileType = text.xcconfig; name = "Pods-Tourelle_Tests.release.xcconfig"; path = "Pods/Target Support Files/Pods-Tourelle_Tests/Pods-Tourelle_Tests.release.xcconfig"; sourceTree = "<group>"; };
/* End PBXFileReference section */

/* Begin PBXFrameworksBuildPhase section */
		6003F587195388D20070C39A /* Frameworks */ = {
			isa = PBXFrameworksBuildPhase;
			buildActionMask = 2147483647;
			files = (
				6003F590195388D20070C39A /* CoreGraphics.framework in Frameworks */,
				6003F592195388D20070C39A /* UIKit.framework in Frameworks */,
				6003F58E195388D20070C39A /* Foundation.framework in Frameworks */,
				ACE7EBB96DB47BF8E4A35AB7 /* Pods_Tourelle_Example.framework in Frameworks */,
			);
			runOnlyForDeploymentPostprocessing = 0;
		};
		6003F5AB195388D20070C39A /* Frameworks */ = {
			isa = PBXFrameworksBuildPhase;
			buildActionMask = 2147483647;
			files = (
				6003F5B0195388D20070C39A /* XCTest.framework in Frameworks */,
				6003F5B2195388D20070C39A /* UIKit.framework in Frameworks */,
				6003F5B1195388D20070C39A /* Foundation.framework in Frameworks */,
				A00683440BC0E7E7462167D6 /* Pods_Tourelle_Tests.framework in Frameworks */,
			);
			runOnlyForDeploymentPostprocessing = 0;
		};
/* End PBXFrameworksBuildPhase section */

/* Begin PBXGroup section */
		6003F581195388D10070C39A = {
			isa = PBXGroup;
			children = (
				60FF7A9C1954A5C5007DD14C /* Podspec Metadata */,
				6003F593195388D20070C39A /* Example for Tourelle */,
				6003F5B5195388D20070C39A /* Tests */,
				6003F58C195388D20070C39A /* Frameworks */,
				6003F58B195388D20070C39A /* Products */,
				F9D7C1FAAF159305061D7DE9 /* Pods */,
			);
			sourceTree = "<group>";
		};
		6003F58B195388D20070C39A /* Products */ = {
			isa = PBXGroup;
			children = (
				6003F58A195388D20070C39A /* Tourelle_Example.app */,
				6003F5AE195388D20070C39A /* Tourelle_Tests.xctest */,
			);
			name = Products;
			sourceTree = "<group>";
		};
		6003F58C195388D20070C39A /* Frameworks */ = {
			isa = PBXGroup;
			children = (
				6003F58D195388D20070C39A /* Foundation.framework */,
				6003F58F195388D20070C39A /* CoreGraphics.framework */,
				6003F591195388D20070C39A /* UIKit.framework */,
				6003F5AF195388D20070C39A /* XCTest.framework */,
				3D42A9AC7826F47F781764AE /* Pods_Tourelle_Example.framework */,
				EC5CEB5021BA47CCA3E47BC1 /* Pods_Tourelle_Tests.framework */,
			);
			name = Frameworks;
			sourceTree = "<group>";
		};
		6003F593195388D20070C39A /* Example for Tourelle */ = {
			isa = PBXGroup;
			children = (
				F1988C4A2150CBDF0011C3E9 /* Modules */,
				F1AF66D621392231008E6493 /* LaunchScreen.storyboard */,
				F1AF66D821392231008E6493 /* Main.storyboard */,
				6003F59C195388D20070C39A /* TLAppDelegate.h */,
				6003F59D195388D20070C39A /* TLAppDelegate.m */,
				F1BCE4EE21205868003D26A8 /* TLAppEventBus+Example.h */,
				F1BCE4EF21205868003D26A8 /* TLAppEventBus+Example.m */,
				F1D4B05E2140D5B0000FEC82 /* NSObject+TL.swift */,
				6003F5A8195388D20070C39A /* Images.xcassets */,
				6003F594195388D20070C39A /* Supporting Files */,
			);
			name = "Example for Tourelle";
			path = Tourelle;
			sourceTree = "<group>";
		};
		6003F594195388D20070C39A /* Supporting Files */ = {
			isa = PBXGroup;
			children = (
				6003F595195388D20070C39A /* Tourelle-Info.plist */,
				6003F596195388D20070C39A /* InfoPlist.strings */,
				6003F599195388D20070C39A /* main.m */,
				6003F59B195388D20070C39A /* Tourelle-Prefix.pch */,
				F19E7D78212307DB00538386 /* AutoInitialize.plist */,
				F1D4B0562140C7BF000FEC82 /* AppConfigurator.plist */,
				F10C298421524BDC008397AF /* DataModules.plist */,
				F1AF66C621363F58008E6493 /* AutoRegistURL.plist */,
			);
			name = "Supporting Files";
			sourceTree = "<group>";
		};
		6003F5B5195388D20070C39A /* Tests */ = {
			isa = PBXGroup;
			children = (
				F15A77BC211FD62400273C95 /* Supporting Classes */,
				6003F5BB195388D20070C39A /* Tests.m */,
				6003F5B6195388D20070C39A /* Supporting Files */,
				F15A77BE211FD64700273C95 /* SwiftSpec.swift */,
				F15A77BD211FD64700273C95 /* Tourelle_Example-Bridging-Header.h */,
			);
			path = Tests;
			sourceTree = "<group>";
		};
		6003F5B6195388D20070C39A /* Supporting Files */ = {
			isa = PBXGroup;
			children = (
				6003F5B7195388D20070C39A /* Tests-Info.plist */,
				6003F5B8195388D20070C39A /* InfoPlist.strings */,
				606FC2411953D9B200FFA9A0 /* Tests-Prefix.pch */,
			);
			name = "Supporting Files";
			sourceTree = "<group>";
		};
		60FF7A9C1954A5C5007DD14C /* Podspec Metadata */ = {
			isa = PBXGroup;
			children = (
				05D58AAF2BE6E690E47ABF39 /* Tourelle.podspec */,
				3C37515C7FB072EB2497E83E /* README.md */,
				9B845EA9D7D3EDDCAD034FC6 /* LICENSE */,
			);
			name = "Podspec Metadata";
			sourceTree = "<group>";
		};
		F112612E215354E500E72641 /* TLUserModuleContainer */ = {
			isa = PBXGroup;
			children = (
				F1126131215354E500E72641 /* TLUserModuleProtocol.h */,
				F1126130215354E500E72641 /* TLUserModuleContainer.h */,
				F112612F215354E500E72641 /* TLUserModuleContainer.m */,
			);
			name = TLUserModuleContainer;
			path = Tourelle/Modules/TLUserModuleContainer;
			sourceTree = SOURCE_ROOT;
		};
		F112613321536A2D00E72641 /* Main */ = {
			isa = PBXGroup;
			children = (
				F112613521536A2D00E72641 /* MainViewController.h */,
				F112613421536A2D00E72641 /* MainViewController.m */,
			);
			name = Main;
			path = Tourelle/Modules/Main;
			sourceTree = SOURCE_ROOT;
		};
		F112613621536A2D00E72641 /* Login */ = {
			isa = PBXGroup;
			children = (
				F112613821536A2D00E72641 /* LoginViewController.h */,
				F112613721536A2D00E72641 /* LoginViewController.m */,
			);
			name = Login;
			path = Tourelle/Modules/Login;
			sourceTree = SOURCE_ROOT;
		};
		F112613921536A2D00E72641 /* Hero */ = {
			isa = PBXGroup;
			children = (
				F112613B21536A2D00E72641 /* HeroViewController.h */,
				F112613A21536A2D00E72641 /* HeroViewController.m */,
			);
			name = Hero;
			path = Tourelle/Modules/Hero;
			sourceTree = SOURCE_ROOT;
		};
		F15A77BC211FD62400273C95 /* Supporting Classes */ = {
			isa = PBXGroup;
			children = (
			);
			path = "Supporting Classes";
			sourceTree = "<group>";
		};
		F1988C4A2150CBDF0011C3E9 /* Modules */ = {
			isa = PBXGroup;
			children = (
				F112613F21536A4000E72641 /* README.md */,
				F112613921536A2D00E72641 /* Hero */,
				F112613621536A2D00E72641 /* Login */,
				F112613321536A2D00E72641 /* Main */,
				F1988C692150CF570011C3E9 /* TLUser */,
				F1988C582150CEE60011C3E9 /* TLHarpy */,
				F1988C5F2150CEE60011C3E9 /* TLUMShare */,
				F112612E215354E500E72641 /* TLUserModuleContainer */,
			);
			path = Modules;
			sourceTree = "<group>";
		};
		F1988C582150CEE60011C3E9 /* TLHarpy */ = {
			isa = PBXGroup;
			children = (
				F1988C5A2150CEE60011C3E9 /* TLHarpyConfigurator.h */,
				F1988C592150CEE60011C3E9 /* TLHarpyConfigurator.m */,
			);
			path = TLHarpy;
			sourceTree = "<group>";
		};
		F1988C5F2150CEE60011C3E9 /* TLUMShare */ = {
			isa = PBXGroup;
			children = (
				F1988C612150CEE60011C3E9 /* TLUMShareConfigurator.h */,
				F1988C602150CEE60011C3E9 /* TLUMShareConfigurator.m */,
			);
			path = TLUMShare;
			sourceTree = "<group>";
		};
		F1988C692150CF570011C3E9 /* TLUser */ = {
			isa = PBXGroup;
			children = (
				F1988C6A2150CF570011C3E9 /* TLUserModule.h */,
				F1988C6B2150CF570011C3E9 /* TLUserModule.m */,
			);
			path = TLUser;
			sourceTree = "<group>";
		};
		F9D7C1FAAF159305061D7DE9 /* Pods */ = {
			isa = PBXGroup;
			children = (
				12644293B53D0CAA748BE49E /* Pods-Tourelle_Example.debug.xcconfig */,
				D5EA1E7BC942C31FA159468A /* Pods-Tourelle_Example.release.xcconfig */,
				7C3DEB8890D437242C66C4F8 /* Pods-Tourelle_Tests.debug.xcconfig */,
				F3641F474E71F2A7CF848A52 /* Pods-Tourelle_Tests.release.xcconfig */,
			);
			name = Pods;
			sourceTree = "<group>";
		};
/* End PBXGroup section */

/* Begin PBXNativeTarget section */
		6003F589195388D20070C39A /* Tourelle_Example */ = {
			isa = PBXNativeTarget;
			buildConfigurationList = 6003F5BF195388D20070C39A /* Build configuration list for PBXNativeTarget "Tourelle_Example" */;
			buildPhases = (
				8FC0F1FF4021E354145D5FCD /* [CP] Check Pods Manifest.lock */,
				6003F586195388D20070C39A /* Sources */,
				6003F587195388D20070C39A /* Frameworks */,
				6003F588195388D20070C39A /* Resources */,
				96C66334753EBA66A47D39FC /* [CP] Embed Pods Frameworks */,
				9C847290403D44DEA25381A4 /* [CP] Copy Pods Resources */,
			);
			buildRules = (
			);
			dependencies = (
			);
			name = Tourelle_Example;
			productName = Tourelle;
			productReference = 6003F58A195388D20070C39A /* Tourelle_Example.app */;
			productType = "com.apple.product-type.application";
		};
		6003F5AD195388D20070C39A /* Tourelle_Tests */ = {
			isa = PBXNativeTarget;
			buildConfigurationList = 6003F5C2195388D20070C39A /* Build configuration list for PBXNativeTarget "Tourelle_Tests" */;
			buildPhases = (
				1F7ACB38B7CF2C5AA2FAB004 /* [CP] Check Pods Manifest.lock */,
				6003F5AA195388D20070C39A /* Sources */,
				6003F5AB195388D20070C39A /* Frameworks */,
				6003F5AC195388D20070C39A /* Resources */,
				FB8D9ECCFFCE5A724CA27362 /* [CP] Embed Pods Frameworks */,
			);
			buildRules = (
			);
			dependencies = (
				6003F5B4195388D20070C39A /* PBXTargetDependency */,
			);
			name = Tourelle_Tests;
			productName = TourelleTests;
			productReference = 6003F5AE195388D20070C39A /* Tourelle_Tests.xctest */;
			productType = "com.apple.product-type.bundle.unit-test";
		};
/* End PBXNativeTarget section */

/* Begin PBXProject section */
		6003F582195388D10070C39A /* Project object */ = {
			isa = PBXProject;
			attributes = {
				CLASSPREFIX = TL;
				LastUpgradeCheck = 0720;
				ORGANIZATIONNAME = "sczh2013@163.com";
				TargetAttributes = {
					6003F589195388D20070C39A = {
						LastSwiftMigration = 0930;
					};
					6003F5AD195388D20070C39A = {
						TestTargetID = 6003F589195388D20070C39A;
					};
				};
			};
			buildConfigurationList = 6003F585195388D10070C39A /* Build configuration list for PBXProject "Tourelle" */;
			compatibilityVersion = "Xcode 3.2";
			developmentRegion = English;
			hasScannedForEncodings = 0;
			knownRegions = (
				en,
				Base,
			);
			mainGroup = 6003F581195388D10070C39A;
			productRefGroup = 6003F58B195388D20070C39A /* Products */;
			projectDirPath = "";
			projectRoot = "";
			targets = (
				6003F589195388D20070C39A /* Tourelle_Example */,
				6003F5AD195388D20070C39A /* Tourelle_Tests */,
			);
		};
/* End PBXProject section */

/* Begin PBXResourcesBuildPhase section */
		6003F588195388D20070C39A /* Resources */ = {
			isa = PBXResourcesBuildPhase;
			buildActionMask = 2147483647;
			files = (
				F1AF66DA21392232008E6493 /* LaunchScreen.storyboard in Resources */,
				F1D4B0572140C7BF000FEC82 /* AppConfigurator.plist in Resources */,
				F19E7D79212307DB00538386 /* AutoInitialize.plist in Resources */,
				6003F5A9195388D20070C39A /* Images.xcassets in Resources */,
				6003F598195388D20070C39A /* InfoPlist.strings in Resources */,
				F1AF66DB21392232008E6493 /* Main.storyboard in Resources */,
				F112614021536A4100E72641 /* README.md in Resources */,
				F10C298521524BDC008397AF /* DataModules.plist in Resources */,
				F1AF66C721363F58008E6493 /* AutoRegistURL.plist in Resources */,
			);
			runOnlyForDeploymentPostprocessing = 0;
		};
		6003F5AC195388D20070C39A /* Resources */ = {
			isa = PBXResourcesBuildPhase;
			buildActionMask = 2147483647;
			files = (
				6003F5BA195388D20070C39A /* InfoPlist.strings in Resources */,
			);
			runOnlyForDeploymentPostprocessing = 0;
		};
/* End PBXResourcesBuildPhase section */

/* Begin PBXShellScriptBuildPhase section */
		1F7ACB38B7CF2C5AA2FAB004 /* [CP] Check Pods Manifest.lock */ = {
			isa = PBXShellScriptBuildPhase;
			buildActionMask = 2147483647;
			files = (
			);
			inputPaths = (
				"${PODS_PODFILE_DIR_PATH}/Podfile.lock",
				"${PODS_ROOT}/Manifest.lock",
			);
			name = "[CP] Check Pods Manifest.lock";
			outputPaths = (
				"$(DERIVED_FILE_DIR)/Pods-Tourelle_Tests-checkManifestLockResult.txt",
			);
			runOnlyForDeploymentPostprocessing = 0;
			shellPath = /bin/sh;
			shellScript = "diff \"${PODS_PODFILE_DIR_PATH}/Podfile.lock\" \"${PODS_ROOT}/Manifest.lock\" > /dev/null\nif [ $? != 0 ] ; then\n    # print error to STDERR\n    echo \"error: The sandbox is not in sync with the Podfile.lock. Run 'pod install' or update your CocoaPods installation.\" >&2\n    exit 1\nfi\n# This output is used by Xcode 'outputs' to avoid re-running this script phase.\necho \"SUCCESS\" > \"${SCRIPT_OUTPUT_FILE_0}\"\n";
			showEnvVarsInLog = 0;
		};
		8FC0F1FF4021E354145D5FCD /* [CP] Check Pods Manifest.lock */ = {
			isa = PBXShellScriptBuildPhase;
			buildActionMask = 2147483647;
			files = (
			);
			inputPaths = (
				"${PODS_PODFILE_DIR_PATH}/Podfile.lock",
				"${PODS_ROOT}/Manifest.lock",
			);
			name = "[CP] Check Pods Manifest.lock";
			outputPaths = (
				"$(DERIVED_FILE_DIR)/Pods-Tourelle_Example-checkManifestLockResult.txt",
			);
			runOnlyForDeploymentPostprocessing = 0;
			shellPath = /bin/sh;
			shellScript = "diff \"${PODS_PODFILE_DIR_PATH}/Podfile.lock\" \"${PODS_ROOT}/Manifest.lock\" > /dev/null\nif [ $? != 0 ] ; then\n    # print error to STDERR\n    echo \"error: The sandbox is not in sync with the Podfile.lock. Run 'pod install' or update your CocoaPods installation.\" >&2\n    exit 1\nfi\n# This output is used by Xcode 'outputs' to avoid re-running this script phase.\necho \"SUCCESS\" > \"${SCRIPT_OUTPUT_FILE_0}\"\n";
			showEnvVarsInLog = 0;
		};
		96C66334753EBA66A47D39FC /* [CP] Embed Pods Frameworks */ = {
			isa = PBXShellScriptBuildPhase;
			buildActionMask = 2147483647;
			files = (
			);
			inputPaths = (
				"${SRCROOT}/Pods/Target Support Files/Pods-Tourelle_Example/Pods-Tourelle_Example-frameworks.sh",
				"${BUILT_PRODUCTS_DIR}/Harpy/Harpy.framework",
				"${BUILT_PRODUCTS_DIR}/SVProgressHUD/SVProgressHUD.framework",
				"${BUILT_PRODUCTS_DIR}/Tourelle/Tourelle.framework",
			);
			name = "[CP] Embed Pods Frameworks";
			outputPaths = (
				"${TARGET_BUILD_DIR}/${FRAMEWORKS_FOLDER_PATH}/Harpy.framework",
				"${TARGET_BUILD_DIR}/${FRAMEWORKS_FOLDER_PATH}/SVProgressHUD.framework",
				"${TARGET_BUILD_DIR}/${FRAMEWORKS_FOLDER_PATH}/Tourelle.framework",
			);
			runOnlyForDeploymentPostprocessing = 0;
			shellPath = /bin/sh;
			shellScript = "\"${SRCROOT}/Pods/Target Support Files/Pods-Tourelle_Example/Pods-Tourelle_Example-frameworks.sh\"\n";
			showEnvVarsInLog = 0;
		};
		9C847290403D44DEA25381A4 /* [CP] Copy Pods Resources */ = {
			isa = PBXShellScriptBuildPhase;
			buildActionMask = 2147483647;
			files = (
			);
			inputPaths = (
				"${SRCROOT}/Pods/Target Support Files/Pods-Tourelle_Example/Pods-Tourelle_Example-resources.sh",
				"${PODS_ROOT}/UMengUShare/UShareSDK/UMSocialSDK/UMSocialSDKPromptResources.bundle",
				"${PODS_ROOT}/UMengUShare/UShareSDK/SocialLibraries/QQ/QQSDK/TencentOpenApi_IOS_Bundle.bundle",
				"${PODS_ROOT}/UMengUShare/UShareSDK/UMSocialUI/UMSocialSDKResources.bundle",
			);
			name = "[CP] Copy Pods Resources";
			outputPaths = (
				"${TARGET_BUILD_DIR}/${UNLOCALIZED_RESOURCES_FOLDER_PATH}/UMSocialSDKPromptResources.bundle",
				"${TARGET_BUILD_DIR}/${UNLOCALIZED_RESOURCES_FOLDER_PATH}/TencentOpenApi_IOS_Bundle.bundle",
				"${TARGET_BUILD_DIR}/${UNLOCALIZED_RESOURCES_FOLDER_PATH}/UMSocialSDKResources.bundle",
			);
			runOnlyForDeploymentPostprocessing = 0;
			shellPath = /bin/sh;
			shellScript = "\"${SRCROOT}/Pods/Target Support Files/Pods-Tourelle_Example/Pods-Tourelle_Example-resources.sh\"\n";
			showEnvVarsInLog = 0;
		};
		FB8D9ECCFFCE5A724CA27362 /* [CP] Embed Pods Frameworks */ = {
			isa = PBXShellScriptBuildPhase;
			buildActionMask = 2147483647;
			files = (
			);
			inputPaths = (
				"${SRCROOT}/Pods/Target Support Files/Pods-Tourelle_Tests/Pods-Tourelle_Tests-frameworks.sh",
				"${BUILT_PRODUCTS_DIR}/Nimble/Nimble.framework",
				"${BUILT_PRODUCTS_DIR}/Quick/Quick.framework",
			);
			name = "[CP] Embed Pods Frameworks";
			outputPaths = (
				"${TARGET_BUILD_DIR}/${FRAMEWORKS_FOLDER_PATH}/Nimble.framework",
				"${TARGET_BUILD_DIR}/${FRAMEWORKS_FOLDER_PATH}/Quick.framework",
			);
			runOnlyForDeploymentPostprocessing = 0;
			shellPath = /bin/sh;
			shellScript = "\"${SRCROOT}/Pods/Target Support Files/Pods-Tourelle_Tests/Pods-Tourelle_Tests-frameworks.sh\"\n";
			showEnvVarsInLog = 0;
		};
/* End PBXShellScriptBuildPhase section */

/* Begin PBXSourcesBuildPhase section */
		6003F586195388D20070C39A /* Sources */ = {
			isa = PBXSourcesBuildPhase;
			buildActionMask = 2147483647;
			files = (
				F1988C672150CEE60011C3E9 /* TLUMShareConfigurator.m in Sources */,
				6003F59E195388D20070C39A /* TLAppDelegate.m in Sources */,
				F1D4B05F2140D5B0000FEC82 /* NSObject+TL.swift in Sources */,
				F1988C6C2150CF570011C3E9 /* TLUserModule.m in Sources */,
				F112613D21536A2D00E72641 /* LoginViewController.m in Sources */,
				F112613C21536A2D00E72641 /* MainViewController.m in Sources */,
				F1BCE4F021205868003D26A8 /* TLAppEventBus+Example.m in Sources */,
				F112613E21536A2D00E72641 /* HeroViewController.m in Sources */,
				6003F59A195388D20070C39A /* main.m in Sources */,
				F1126132215354E500E72641 /* TLUserModuleContainer.m in Sources */,
				F1988C652150CEE60011C3E9 /* TLHarpyConfigurator.m in Sources */,
			);
			runOnlyForDeploymentPostprocessing = 0;
		};
		6003F5AA195388D20070C39A /* Sources */ = {
			isa = PBXSourcesBuildPhase;
			buildActionMask = 2147483647;
			files = (
				F15A77C2211FD64D00273C95 /* SwiftSpec.swift in Sources */,
				6003F5BC195388D20070C39A /* Tests.m in Sources */,
			);
			runOnlyForDeploymentPostprocessing = 0;
		};
/* End PBXSourcesBuildPhase section */

/* Begin PBXTargetDependency section */
		6003F5B4195388D20070C39A /* PBXTargetDependency */ = {
			isa = PBXTargetDependency;
			target = 6003F589195388D20070C39A /* Tourelle_Example */;
			targetProxy = 6003F5B3195388D20070C39A /* PBXContainerItemProxy */;
		};
/* End PBXTargetDependency section */

/* Begin PBXVariantGroup section */
		6003F596195388D20070C39A /* InfoPlist.strings */ = {
			isa = PBXVariantGroup;
			children = (
				6003F597195388D20070C39A /* en */,
			);
			name = InfoPlist.strings;
			sourceTree = "<group>";
		};
		6003F5B8195388D20070C39A /* InfoPlist.strings */ = {
			isa = PBXVariantGroup;
			children = (
				6003F5B9195388D20070C39A /* en */,
			);
			name = InfoPlist.strings;
			sourceTree = "<group>";
		};
		F1AF66D621392231008E6493 /* LaunchScreen.storyboard */ = {
			isa = PBXVariantGroup;
			children = (
				F1AF66D721392231008E6493 /* Base */,
			);
			name = LaunchScreen.storyboard;
			sourceTree = "<group>";
		};
		F1AF66D821392231008E6493 /* Main.storyboard */ = {
			isa = PBXVariantGroup;
			children = (
				F1AF66D921392231008E6493 /* Base */,
			);
			name = Main.storyboard;
			sourceTree = "<group>";
		};
/* End PBXVariantGroup section */

/* Begin XCBuildConfiguration section */
		6003F5BD195388D20070C39A /* Debug */ = {
			isa = XCBuildConfiguration;
			buildSettings = {
				ALWAYS_SEARCH_USER_PATHS = NO;
				CLANG_CXX_LANGUAGE_STANDARD = "gnu++0x";
				CLANG_CXX_LIBRARY = "libc++";
				CLANG_ENABLE_MODULES = YES;
				CLANG_ENABLE_OBJC_ARC = YES;
				CLANG_WARN_BOOL_CONVERSION = YES;
				CLANG_WARN_CONSTANT_CONVERSION = YES;
				CLANG_WARN_DIRECT_OBJC_ISA_USAGE = YES_ERROR;
				CLANG_WARN_EMPTY_BODY = YES;
				CLANG_WARN_ENUM_CONVERSION = YES;
				CLANG_WARN_INT_CONVERSION = YES;
				CLANG_WARN_OBJC_ROOT_CLASS = YES_ERROR;
				CLANG_WARN__DUPLICATE_METHOD_MATCH = YES;
				"CODE_SIGN_IDENTITY[sdk=iphoneos*]" = "iPhone Developer";
				COPY_PHASE_STRIP = NO;
				DEFINES_MODULE = YES;
				ENABLE_TESTABILITY = YES;
				GCC_C_LANGUAGE_STANDARD = gnu99;
				GCC_DYNAMIC_NO_PIC = NO;
				GCC_OPTIMIZATION_LEVEL = 0;
				GCC_PREPROCESSOR_DEFINITIONS = (
					"DEBUG=1",
					"$(inherited)",
				);
				GCC_SYMBOLS_PRIVATE_EXTERN = NO;
				GCC_WARN_64_TO_32_BIT_CONVERSION = YES;
				GCC_WARN_ABOUT_RETURN_TYPE = YES_ERROR;
				GCC_WARN_UNDECLARED_SELECTOR = YES;
				GCC_WARN_UNINITIALIZED_AUTOS = YES_AGGRESSIVE;
				GCC_WARN_UNUSED_FUNCTION = YES;
				GCC_WARN_UNUSED_VARIABLE = YES;
				IPHONEOS_DEPLOYMENT_TARGET = 9.3;
				ONLY_ACTIVE_ARCH = YES;
				SDKROOT = iphoneos;
				TARGETED_DEVICE_FAMILY = "1,2";
			};
			name = Debug;
		};
		6003F5BE195388D20070C39A /* Release */ = {
			isa = XCBuildConfiguration;
			buildSettings = {
				ALWAYS_SEARCH_USER_PATHS = NO;
				CLANG_CXX_LANGUAGE_STANDARD = "gnu++0x";
				CLANG_CXX_LIBRARY = "libc++";
				CLANG_ENABLE_MODULES = YES;
				CLANG_ENABLE_OBJC_ARC = YES;
				CLANG_WARN_BOOL_CONVERSION = YES;
				CLANG_WARN_CONSTANT_CONVERSION = YES;
				CLANG_WARN_DIRECT_OBJC_ISA_USAGE = YES_ERROR;
				CLANG_WARN_EMPTY_BODY = YES;
				CLANG_WARN_ENUM_CONVERSION = YES;
				CLANG_WARN_INT_CONVERSION = YES;
				CLANG_WARN_OBJC_ROOT_CLASS = YES_ERROR;
				CLANG_WARN__DUPLICATE_METHOD_MATCH = YES;
				"CODE_SIGN_IDENTITY[sdk=iphoneos*]" = "iPhone Developer";
				COPY_PHASE_STRIP = YES;
				DEFINES_MODULE = YES;
				ENABLE_NS_ASSERTIONS = NO;
				GCC_C_LANGUAGE_STANDARD = gnu99;
				GCC_WARN_64_TO_32_BIT_CONVERSION = YES;
				GCC_WARN_ABOUT_RETURN_TYPE = YES_ERROR;
				GCC_WARN_UNDECLARED_SELECTOR = YES;
				GCC_WARN_UNINITIALIZED_AUTOS = YES_AGGRESSIVE;
				GCC_WARN_UNUSED_FUNCTION = YES;
				GCC_WARN_UNUSED_VARIABLE = YES;
				IPHONEOS_DEPLOYMENT_TARGET = 9.3;
				SDKROOT = iphoneos;
				TARGETED_DEVICE_FAMILY = "1,2";
				VALIDATE_PRODUCT = YES;
			};
			name = Release;
		};
		6003F5C0195388D20070C39A /* Debug */ = {
			isa = XCBuildConfiguration;
			baseConfigurationReference = 12644293B53D0CAA748BE49E /* Pods-Tourelle_Example.debug.xcconfig */;
			buildSettings = {
				ASSETCATALOG_COMPILER_APPICON_NAME = AppIcon;
				CLANG_ENABLE_MODULES = YES;
				DEFINES_MODULE = YES;
				EMBED_ASSET_PACKS_IN_PRODUCT_BUNDLE = NO;
				GCC_PRECOMPILE_PREFIX_HEADER = YES;
				GCC_PREFIX_HEADER = "Tourelle/Tourelle-Prefix.pch";
				INFOPLIST_FILE = "Tourelle/Tourelle-Info.plist";
				LD_RUNPATH_SEARCH_PATHS = "$(inherited) @executable_path/Frameworks";
				MODULE_NAME = ExampleApp;
				PRODUCT_BUNDLE_IDENTIFIER = "org.cocoapods.demo.${PRODUCT_NAME:rfc1034identifier}";
				PRODUCT_NAME = "$(TARGET_NAME)";
				SWIFT_OBJC_BRIDGING_HEADER = "Tests/Tourelle_Example-Bridging-Header.h";
				SWIFT_OBJC_INTERFACE_HEADER_NAME = "$(SWIFT_MODULE_NAME)-Swift.h";
				SWIFT_OPTIMIZATION_LEVEL = "-Onone";
				SWIFT_VERSION = 4.1;
				WRAPPER_EXTENSION = app;
			};
			name = Debug;
		};
		6003F5C1195388D20070C39A /* Release */ = {
			isa = XCBuildConfiguration;
			baseConfigurationReference = D5EA1E7BC942C31FA159468A /* Pods-Tourelle_Example.release.xcconfig */;
			buildSettings = {
				ASSETCATALOG_COMPILER_APPICON_NAME = AppIcon;
				CLANG_ENABLE_MODULES = YES;
				DEFINES_MODULE = YES;
				EMBED_ASSET_PACKS_IN_PRODUCT_BUNDLE = NO;
				GCC_PRECOMPILE_PREFIX_HEADER = YES;
				GCC_PREFIX_HEADER = "Tourelle/Tourelle-Prefix.pch";
				INFOPLIST_FILE = "Tourelle/Tourelle-Info.plist";
				LD_RUNPATH_SEARCH_PATHS = "$(inherited) @executable_path/Frameworks";
				MODULE_NAME = ExampleApp;
				PRODUCT_BUNDLE_IDENTIFIER = "org.cocoapods.demo.${PRODUCT_NAME:rfc1034identifier}";
				PRODUCT_NAME = "$(TARGET_NAME)";
				SWIFT_OBJC_BRIDGING_HEADER = "Tests/Tourelle_Example-Bridging-Header.h";
				SWIFT_OBJC_INTERFACE_HEADER_NAME = "$(SWIFT_MODULE_NAME)-Swift.h";
				SWIFT_VERSION = 4.1;
				WRAPPER_EXTENSION = app;
			};
			name = Release;
		};
		6003F5C3195388D20070C39A /* Debug */ = {
			isa = XCBuildConfiguration;
			baseConfigurationReference = 7C3DEB8890D437242C66C4F8 /* Pods-Tourelle_Tests.debug.xcconfig */;
			buildSettings = {
				ALWAYS_EMBED_SWIFT_STANDARD_LIBRARIES = YES;
				BUNDLE_LOADER = "$(TEST_HOST)";
				DEFINES_MODULE = YES;
				FRAMEWORK_SEARCH_PATHS = (
					"$(SDKROOT)/Developer/Library/Frameworks",
					"$(inherited)",
					"$(DEVELOPER_FRAMEWORKS_DIR)",
				);
				GCC_PRECOMPILE_PREFIX_HEADER = YES;
				GCC_PREFIX_HEADER = "Tests/Tests-Prefix.pch";
				GCC_PREPROCESSOR_DEFINITIONS = (
					"DEBUG=1",
					"$(inherited)",
				);
				INFOPLIST_FILE = "Tests/Tests-Info.plist";
				PRODUCT_BUNDLE_IDENTIFIER = "org.cocoapods.demo.${PRODUCT_NAME:rfc1034identifier}";
				PRODUCT_NAME = "$(TARGET_NAME)";
				SWIFT_VERSION = 4.0;
				TEST_HOST = "$(BUILT_PRODUCTS_DIR)/Tourelle_Example.app/Tourelle_Example";
				WRAPPER_EXTENSION = xctest;
			};
			name = Debug;
		};
		6003F5C4195388D20070C39A /* Release */ = {
			isa = XCBuildConfiguration;
			baseConfigurationReference = F3641F474E71F2A7CF848A52 /* Pods-Tourelle_Tests.release.xcconfig */;
			buildSettings = {
				ALWAYS_EMBED_SWIFT_STANDARD_LIBRARIES = YES;
				BUNDLE_LOADER = "$(TEST_HOST)";
				DEFINES_MODULE = YES;
				FRAMEWORK_SEARCH_PATHS = (
					"$(SDKROOT)/Developer/Library/Frameworks",
					"$(inherited)",
					"$(DEVELOPER_FRAMEWORKS_DIR)",
				);
				GCC_PRECOMPILE_PREFIX_HEADER = YES;
				GCC_PREFIX_HEADER = "Tests/Tests-Prefix.pch";
				INFOPLIST_FILE = "Tests/Tests-Info.plist";
				PRODUCT_BUNDLE_IDENTIFIER = "org.cocoapods.demo.${PRODUCT_NAME:rfc1034identifier}";
				PRODUCT_NAME = "$(TARGET_NAME)";
				SWIFT_VERSION = 4.0;
				TEST_HOST = "$(BUILT_PRODUCTS_DIR)/Tourelle_Example.app/Tourelle_Example";
				WRAPPER_EXTENSION = xctest;
			};
			name = Release;
		};
/* End XCBuildConfiguration section */

/* Begin XCConfigurationList section */
		6003F585195388D10070C39A /* Build configuration list for PBXProject "Tourelle" */ = {
			isa = XCConfigurationList;
			buildConfigurations = (
				6003F5BD195388D20070C39A /* Debug */,
				6003F5BE195388D20070C39A /* Release */,
			);
			defaultConfigurationIsVisible = 0;
			defaultConfigurationName = Release;
		};
		6003F5BF195388D20070C39A /* Build configuration list for PBXNativeTarget "Tourelle_Example" */ = {
			isa = XCConfigurationList;
			buildConfigurations = (
				6003F5C0195388D20070C39A /* Debug */,
				6003F5C1195388D20070C39A /* Release */,
			);
			defaultConfigurationIsVisible = 0;
			defaultConfigurationName = Release;
		};
		6003F5C2195388D20070C39A /* Build configuration list for PBXNativeTarget "Tourelle_Tests" */ = {
			isa = XCConfigurationList;
			buildConfigurations = (
				6003F5C3195388D20070C39A /* Debug */,
				6003F5C4195388D20070C39A /* Release */,
			);
			defaultConfigurationIsVisible = 0;
			defaultConfigurationName = Release;
		};
/* End XCConfigurationList section */
	};
	rootObject = 6003F582195388D10070C39A /* Project object */;
}
